
Microsoft Visual Studio Solution File, Format Version 12.00
# Visual Studio Version 17
VisualStudioVersion = 17.0.31825.309
MinimumVisualStudioVersion = 10.0.40219.1
Project("{2150E333-8FDC-42A3-9474-1A3956D46DE8}") = "Creational", "Creational", "{738724C6-B063-4083-A1F0-F47692EA897C}"
EndProject
Project("{2150E333-8FDC-42A3-9474-1A3956D46DE8}") = "Structural", "Structural", "{4BF130ED-1661-4217-845F-D688C22C1F52}"
EndProject
Project("{2150E333-8FDC-42A3-9474-1A3956D46DE8}") = "Behavioral", "Behavioral", "{E7F265C8-D94C-46F4-8019-3B9029D4715A}"
EndProject
Project("{9A19103F-16F7-4668-BE54-9A1E7A4F7556}") = "AbstractFactory_1", "src\Creational\AbstractFactory_1\AbstractFactory_1.csproj", "{51ACB7B3-78AB-47F7-93C4-8E460D4B63E1}"
EndProject
Project("{9A19103F-16F7-4668-BE54-9A1E7A4F7556}") = "AbstractFactory_2", "src\Creational\AbstractFactory_2\AbstractFactory_2.csproj", "{9A86E05F-B6AA-4606-B67A-CFC2CE8E451B}"
EndProject
Project("{9A19103F-16F7-4668-BE54-9A1E7A4F7556}") = "FactoryMethod_1", "src\Creational\FactoryMethod_1\FactoryMethod_1.csproj", "{BB3E7C02-D19B-481C-8CDE-9F7C880F826E}"
EndProject
Project("{FAE04EC0-301F-11D3-BF4B-00C04F79EFBC}") = "FactoryMethod_2", "src\Creational\FactoryMethod_2\FactoryMethod_2.csproj", "{836F9719-0C73-4AC4-A4FA-203FB9F28659}"
EndProject
Project("{FAE04EC0-301F-11D3-BF4B-00C04F79EFBC}") = "Singleton_1", "src\Creational\Singleton_1\Singleton_1.csproj", "{C1B543FF-83D1-41F3-8DAD-74E5E3735EF2}"
EndProject
Project("{FAE04EC0-301F-11D3-BF4B-00C04F79EFBC}") = "Singleton_2", "src\Creational\Singleton_2\Singleton_2.csproj", "{B408351F-7DEC-4229-804E-AB83285544D1}"
EndProject
Project("{FAE04EC0-301F-11D3-BF4B-00C04F79EFBC}") = "Builder", "src\Creational\Builder\Builder.csproj", "{CA4E5F05-028C-4659-AA1F-906346C5BBAB}"
EndProject
Project("{FAE04EC0-301F-11D3-BF4B-00C04F79EFBC}") = "Adapter_1", "src\Structural\Adapter_1\Adapter_1.csproj", "{1CEEE586-EE6A-42EC-AAED-3B7FA72C4F43}"
EndProject
Project("{FAE04EC0-301F-11D3-BF4B-00C04F79EFBC}") = "Adapter_2", "src\Structural\Adapter_2\Adapter_2.csproj", "{D6526333-E266-4E4C-B8B6-B292E6E8EE4B}"
EndProject
Project("{FAE04EC0-301F-11D3-BF4B-00C04F79EFBC}") = "Facade_1", "src\Structural\Facade_1\Facade_1.csproj", "{2A5A9275-F4EC-4239-9F3B-7E19B3ADBAA0}"
EndProject
Project("{FAE04EC0-301F-11D3-BF4B-00C04F79EFBC}") = "Facade_2", "src\Structural\Facade_2\Facade_2.csproj", "{F29A9742-25BA-4BCE-B240-5C74C5406033}"
EndProject
Project("{FAE04EC0-301F-11D3-BF4B-00C04F79EFBC}") = "Composite_1", "src\Structural\Composite_1\Composite_1.csproj", "{DDCFAD7D-2041-4BF8-805D-D94CBAC13D23}"
EndProject
Project("{FAE04EC0-301F-11D3-BF4B-00C04F79EFBC}") = "Composite_2", "src\Structural\Composite_2\Composite_2.csproj", "{6025DCE9-7511-4BEB-ABF7-B892ABFE191A}"
EndProject
Project("{FAE04EC0-301F-11D3-BF4B-00C04F79EFBC}") = "Decorator", "src\Structural\Decorator\Decorator.csproj", "{3DD4CE16-552E-45A1-AB0F-E78C34F35FCA}"
EndProject
Project("{FAE04EC0-301F-11D3-BF4B-00C04F79EFBC}") = "Command_1", "src\Behavioral\Command_1\Command_1.csproj", "{F55EA72F-BD6D-433D-AF3B-6C5828EB192C}"
EndProject
Project("{FAE04EC0-301F-11D3-BF4B-00C04F79EFBC}") = "Command_2", "src\Behavioral\Command_2\Command_2.csproj", "{10E3B8E0-01DC-496E-B501-5D2F7B7FB77A}"
EndProject
Project("{9A19103F-16F7-4668-BE54-9A1E7A4F7556}") = "Strategy_1", "src\Behavioral\Strategy_1\Strategy_1.csproj", "{60E94478-BC6B-46E8-9604-56A51024EF6E}"
EndProject
Project("{FAE04EC0-301F-11D3-BF4B-00C04F79EFBC}") = "Observable_1", "src\Behavioral\Observable_1\Observable_1.csproj", "{6A8B47A1-E6B2-41F6-A062-0E58C82F2C22}"
EndProject
Project("{FAE04EC0-301F-11D3-BF4B-00C04F79EFBC}") = "Observable_2", "src\Behavioral\Observable_2\Observable_2.csproj", "{1991D1DB-6495-4BEE-8E81-D254DE5C4150}"
EndProject
Project("{FAE04EC0-301F-11D3-BF4B-00C04F79EFBC}") = "Strategy_2", "src\Behavioral\Strategy_2\Strategy_2\Strategy_2.csproj", "{79880048-04D3-4681-9D2C-CF0A882E9C1B}"
EndProject
Global
	GlobalSection(SolutionConfigurationPlatforms) = preSolution
		Debug|Any CPU = Debug|Any CPU
		Release|Any CPU = Release|Any CPU
	EndGlobalSection
	GlobalSection(ProjectConfigurationPlatforms) = postSolution
		{51ACB7B3-78AB-47F7-93C4-8E460D4B63E1}.Debug|Any CPU.ActiveCfg = Debug|Any CPU
		{51ACB7B3-78AB-47F7-93C4-8E460D4B63E1}.Debug|Any CPU.Build.0 = Debug|Any CPU
		{51ACB7B3-78AB-47F7-93C4-8E460D4B63E1}.Release|Any CPU.ActiveCfg = Release|Any CPU
		{51ACB7B3-78AB-47F7-93C4-8E460D4B63E1}.Release|Any CPU.Build.0 = Release|Any CPU
		{9A86E05F-B6AA-4606-B67A-CFC2CE8E451B}.Debug|Any CPU.ActiveCfg = Debug|Any CPU
		{9A86E05F-B6AA-4606-B67A-CFC2CE8E451B}.Debug|Any CPU.Build.0 = Debug|Any CPU
		{9A86E05F-B6AA-4606-B67A-CFC2CE8E451B}.Release|Any CPU.ActiveCfg = Release|Any CPU
		{9A86E05F-B6AA-4606-B67A-CFC2CE8E451B}.Release|Any CPU.Build.0 = Release|Any CPU
		{BB3E7C02-D19B-481C-8CDE-9F7C880F826E}.Debug|Any CPU.ActiveCfg = Debug|Any CPU
		{BB3E7C02-D19B-481C-8CDE-9F7C880F826E}.Debug|Any CPU.Build.0 = Debug|Any CPU
		{BB3E7C02-D19B-481C-8CDE-9F7C880F826E}.Release|Any CPU.ActiveCfg = Release|Any CPU
		{BB3E7C02-D19B-481C-8CDE-9F7C880F826E}.Release|Any CPU.Build.0 = Release|Any CPU
		{836F9719-0C73-4AC4-A4FA-203FB9F28659}.Debug|Any CPU.ActiveCfg = Debug|Any CPU
		{836F9719-0C73-4AC4-A4FA-203FB9F28659}.Debug|Any CPU.Build.0 = Debug|Any CPU
		{836F9719-0C73-4AC4-A4FA-203FB9F28659}.Release|Any CPU.ActiveCfg = Release|Any CPU
		{836F9719-0C73-4AC4-A4FA-203FB9F28659}.Release|Any CPU.Build.0 = Release|Any CPU
		{C1B543FF-83D1-41F3-8DAD-74E5E3735EF2}.Debug|Any CPU.ActiveCfg = Debug|Any CPU
		{C1B543FF-83D1-41F3-8DAD-74E5E3735EF2}.Debug|Any CPU.Build.0 = Debug|Any CPU
		{C1B543FF-83D1-41F3-8DAD-74E5E3735EF2}.Release|Any CPU.ActiveCfg = Release|Any CPU
		{C1B543FF-83D1-41F3-8DAD-74E5E3735EF2}.Release|Any CPU.Build.0 = Release|Any CPU
		{B408351F-7DEC-4229-804E-AB83285544D1}.Debug|Any CPU.ActiveCfg = Debug|Any CPU
		{B408351F-7DEC-4229-804E-AB83285544D1}.Debug|Any CPU.Build.0 = Debug|Any CPU
		{B408351F-7DEC-4229-804E-AB83285544D1}.Release|Any CPU.ActiveCfg = Release|Any CPU
		{B408351F-7DEC-4229-804E-AB83285544D1}.Release|Any CPU.Build.0 = Release|Any CPU
		{CA4E5F05-028C-4659-AA1F-906346C5BBAB}.Debug|Any CPU.ActiveCfg = Debug|Any CPU
		{CA4E5F05-028C-4659-AA1F-906346C5BBAB}.Debug|Any CPU.Build.0 = Debug|Any CPU
		{CA4E5F05-028C-4659-AA1F-906346C5BBAB}.Release|Any CPU.ActiveCfg = Release|Any CPU
		{CA4E5F05-028C-4659-AA1F-906346C5BBAB}.Release|Any CPU.Build.0 = Release|Any CPU
		{1CEEE586-EE6A-42EC-AAED-3B7FA72C4F43}.Debug|Any CPU.ActiveCfg = Debug|Any CPU
		{1CEEE586-EE6A-42EC-AAED-3B7FA72C4F43}.Debug|Any CPU.Build.0 = Debug|Any CPU
		{1CEEE586-EE6A-42EC-AAED-3B7FA72C4F43}.Release|Any CPU.ActiveCfg = Release|Any CPU
		{1CEEE586-EE6A-42EC-AAED-3B7FA72C4F43}.Release|Any CPU.Build.0 = Release|Any CPU
		{D6526333-E266-4E4C-B8B6-B292E6E8EE4B}.Debug|Any CPU.ActiveCfg = Debug|Any CPU
		{D6526333-E266-4E4C-B8B6-B292E6E8EE4B}.Debug|Any CPU.Build.0 = Debug|Any CPU
		{D6526333-E266-4E4C-B8B6-B292E6E8EE4B}.Release|Any CPU.ActiveCfg = Release|Any CPU
		{D6526333-E266-4E4C-B8B6-B292E6E8EE4B}.Release|Any CPU.Build.0 = Release|Any CPU
		{2A5A9275-F4EC-4239-9F3B-7E19B3ADBAA0}.Debug|Any CPU.ActiveCfg = Debug|Any CPU
		{2A5A9275-F4EC-4239-9F3B-7E19B3ADBAA0}.Debug|Any CPU.Build.0 = Debug|Any CPU
		{2A5A9275-F4EC-4239-9F3B-7E19B3ADBAA0}.Release|Any CPU.ActiveCfg = Release|Any CPU
		{2A5A9275-F4EC-4239-9F3B-7E19B3ADBAA0}.Release|Any CPU.Build.0 = Release|Any CPU
		{F29A9742-25BA-4BCE-B240-5C74C5406033}.Debug|Any CPU.ActiveCfg = Debug|Any CPU
		{F29A9742-25BA-4BCE-B240-5C74C5406033}.Debug|Any CPU.Build.0 = Debug|Any CPU
		{F29A9742-25BA-4BCE-B240-5C74C5406033}.Release|Any CPU.ActiveCfg = Release|Any CPU
		{F29A9742-25BA-4BCE-B240-5C74C5406033}.Release|Any CPU.Build.0 = Release|Any CPU
		{DDCFAD7D-2041-4BF8-805D-D94CBAC13D23}.Debug|Any CPU.ActiveCfg = Debug|Any CPU
		{DDCFAD7D-2041-4BF8-805D-D94CBAC13D23}.Debug|Any CPU.Build.0 = Debug|Any CPU
		{DDCFAD7D-2041-4BF8-805D-D94CBAC13D23}.Release|Any CPU.ActiveCfg = Release|Any CPU
		{DDCFAD7D-2041-4BF8-805D-D94CBAC13D23}.Release|Any CPU.Build.0 = Release|Any CPU
		{6025DCE9-7511-4BEB-ABF7-B892ABFE191A}.Debug|Any CPU.ActiveCfg = Debug|Any CPU
		{6025DCE9-7511-4BEB-ABF7-B892ABFE191A}.Debug|Any CPU.Build.0 = Debug|Any CPU
		{6025DCE9-7511-4BEB-ABF7-B892ABFE191A}.Release|Any CPU.ActiveCfg = Release|Any CPU
		{6025DCE9-7511-4BEB-ABF7-B892ABFE191A}.Release|Any CPU.Build.0 = Release|Any CPU
		{3DD4CE16-552E-45A1-AB0F-E78C34F35FCA}.Debug|Any CPU.ActiveCfg = Debug|Any CPU
		{3DD4CE16-552E-45A1-AB0F-E78C34F35FCA}.Debug|Any CPU.Build.0 = Debug|Any CPU
		{3DD4CE16-552E-45A1-AB0F-E78C34F35FCA}.Release|Any CPU.ActiveCfg = Release|Any CPU
		{3DD4CE16-552E-45A1-AB0F-E78C34F35FCA}.Release|Any CPU.Build.0 = Release|Any CPU
		{F55EA72F-BD6D-433D-AF3B-6C5828EB192C}.Debug|Any CPU.ActiveCfg = Debug|Any CPU
		{F55EA72F-BD6D-433D-AF3B-6C5828EB192C}.Debug|Any CPU.Build.0 = Debug|Any CPU
		{F55EA72F-BD6D-433D-AF3B-6C5828EB192C}.Release|Any CPU.ActiveCfg = Release|Any CPU
		{F55EA72F-BD6D-433D-AF3B-6C5828EB192C}.Release|Any CPU.Build.0 = Release|Any CPU
		{10E3B8E0-01DC-496E-B501-5D2F7B7FB77A}.Debug|Any CPU.ActiveCfg = Debug|Any CPU
		{10E3B8E0-01DC-496E-B501-5D2F7B7FB77A}.Debug|Any CPU.Build.0 = Debug|Any CPU
		{10E3B8E0-01DC-496E-B501-5D2F7B7FB77A}.Release|Any CPU.ActiveCfg = Release|Any CPU
		{10E3B8E0-01DC-496E-B501-5D2F7B7FB77A}.Release|Any CPU.Build.0 = Release|Any CPU
		{60E94478-BC6B-46E8-9604-56A51024EF6E}.Debug|Any CPU.ActiveCfg = Debug|Any CPU
		{60E94478-BC6B-46E8-9604-56A51024EF6E}.Debug|Any CPU.Build.0 = Debug|Any CPU
		{60E94478-BC6B-46E8-9604-56A51024EF6E}.Release|Any CPU.ActiveCfg = Release|Any CPU
		{60E94478-BC6B-46E8-9604-56A51024EF6E}.Release|Any CPU.Build.0 = Release|Any CPU
		{6A8B47A1-E6B2-41F6-A062-0E58C82F2C22}.Debug|Any CPU.ActiveCfg = Debug|Any CPU
		{6A8B47A1-E6B2-41F6-A062-0E58C82F2C22}.Debug|Any CPU.Build.0 = Debug|Any CPU
		{6A8B47A1-E6B2-41F6-A062-0E58C82F2C22}.Release|Any CPU.ActiveCfg = Release|Any CPU
		{6A8B47A1-E6B2-41F6-A062-0E58C82F2C22}.Release|Any CPU.Build.0 = Release|Any CPU
		{1991D1DB-6495-4BEE-8E81-D254DE5C4150}.Debug|Any CPU.ActiveCfg = Debug|Any CPU
		{1991D1DB-6495-4BEE-8E81-D254DE5C4150}.Debug|Any CPU.Build.0 = Debug|Any CPU
		{1991D1DB-6495-4BEE-8E81-D254DE5C4150}.Release|Any CPU.ActiveCfg = Release|Any CPU
		{1991D1DB-6495-4BEE-8E81-D254DE5C4150}.Release|Any CPU.Build.0 = Release|Any CPU
		{79880048-04D3-4681-9D2C-CF0A882E9C1B}.Debug|Any CPU.ActiveCfg = Debug|Any CPU
		{79880048-04D3-4681-9D2C-CF0A882E9C1B}.Debug|Any CPU.Build.0 = Debug|Any CPU
		{79880048-04D3-4681-9D2C-CF0A882E9C1B}.Release|Any CPU.ActiveCfg = Release|Any CPU
		{79880048-04D3-4681-9D2C-CF0A882E9C1B}.Release|Any CPU.Build.0 = Release|Any CPU
	EndGlobalSection
	GlobalSection(SolutionProperties) = preSolution
		HideSolutionNode = FALSE
	EndGlobalSection
	GlobalSection(NestedProjects) = preSolution
		{51ACB7B3-78AB-47F7-93C4-8E460D4B63E1} = {738724C6-B063-4083-A1F0-F47692EA897C}
		{9A86E05F-B6AA-4606-B67A-CFC2CE8E451B} = {738724C6-B063-4083-A1F0-F47692EA897C}
		{BB3E7C02-D19B-481C-8CDE-9F7C880F826E} = {738724C6-B063-4083-A1F0-F47692EA897C}
		{836F9719-0C73-4AC4-A4FA-203FB9F28659} = {738724C6-B063-4083-A1F0-F47692EA897C}
		{C1B543FF-83D1-41F3-8DAD-74E5E3735EF2} = {738724C6-B063-4083-A1F0-F47692EA897C}
		{B408351F-7DEC-4229-804E-AB83285544D1} = {738724C6-B063-4083-A1F0-F47692EA897C}
		{CA4E5F05-028C-4659-AA1F-906346C5BBAB} = {738724C6-B063-4083-A1F0-F47692EA897C}
		{1CEEE586-EE6A-42EC-AAED-3B7FA72C4F43} = {4BF130ED-1661-4217-845F-D688C22C1F52}
		{D6526333-E266-4E4C-B8B6-B292E6E8EE4B} = {4BF130ED-1661-4217-845F-D688C22C1F52}
		{2A5A9275-F4EC-4239-9F3B-7E19B3ADBAA0} = {4BF130ED-1661-4217-845F-D688C22C1F52}
		{F29A9742-25BA-4BCE-B240-5C74C5406033} = {4BF130ED-1661-4217-845F-D688C22C1F52}
		{DDCFAD7D-2041-4BF8-805D-D94CBAC13D23} = {4BF130ED-1661-4217-845F-D688C22C1F52}
		{6025DCE9-7511-4BEB-ABF7-B892ABFE191A} = {4BF130ED-1661-4217-845F-D688C22C1F52}
		{3DD4CE16-552E-45A1-AB0F-E78C34F35FCA} = {4BF130ED-1661-4217-845F-D688C22C1F52}
		{F55EA72F-BD6D-433D-AF3B-6C5828EB192C} = {E7F265C8-D94C-46F4-8019-3B9029D4715A}
		{10E3B8E0-01DC-496E-B501-5D2F7B7FB77A} = {E7F265C8-D94C-46F4-8019-3B9029D4715A}
		{60E94478-BC6B-46E8-9604-56A51024EF6E} = {E7F265C8-D94C-46F4-8019-3B9029D4715A}
		{6A8B47A1-E6B2-41F6-A062-0E58C82F2C22} = {E7F265C8-D94C-46F4-8019-3B9029D4715A}
		{1991D1DB-6495-4BEE-8E81-D254DE5C4150} = {E7F265C8-D94C-46F4-8019-3B9029D4715A}
		{79880048-04D3-4681-9D2C-CF0A882E9C1B} = {E7F265C8-D94C-46F4-8019-3B9029D4715A}
	EndGlobalSection
	GlobalSection(ExtensibilityGlobals) = postSolution
		SolutionGuid = {DA5B8075-0A1F-457C-BED1-55ECEDCC3701}
	EndGlobalSection
EndGlobal
